
Microsoft Visual Studio Solution File, Format Version 12.00
# Visual Studio Version 16
VisualStudioVersion = 16.0.31112.23
MinimumVisualStudioVersion = 10.0.40219.1
Project("{9A19103F-16F7-4668-BE54-9A1E7A4F7556}") = "AvaloniaTest", "AvaloniaTest\AvaloniaTest.csproj", "{569334CF-FFBD-4D5D-BAF7-1F56F4227F04}"
EndProject
Project("{9A19103F-16F7-4668-BE54-9A1E7A4F7556}") = "Help", "Help\Help.csproj", "{6689F625-BD6B-4903-A490-074D9DB85DDB}"
EndProject
Project("{FAE04EC0-301F-11D3-BF4B-00C04F79EFBC}") = "HelpNetFramework", "HelpNetFramework\HelpNetFramework.csproj", "{6F161673-DEB3-4CCB-93E8-241FD8349E16}"
EndProject
Project("{FAE04EC0-301F-11D3-BF4B-00C04F79EFBC}") = "BINGO", "BINGO\BINGO.csproj", "{2022B009-3ED0-47F8-BC54-E3B291463CAF}"
EndProject
Global
	GlobalSection(SolutionConfigurationPlatforms) = preSolution
		Debug|Any CPU = Debug|Any CPU
		Release|Any CPU = Release|Any CPU
	EndGlobalSection
	GlobalSection(ProjectConfigurationPlatforms) = postSolution
		{569334CF-FFBD-4D5D-BAF7-1F56F4227F04}.Debug|Any CPU.ActiveCfg = Debug|Any CPU
		{569334CF-FFBD-4D5D-BAF7-1F56F4227F04}.Debug|Any CPU.Build.0 = Debug|Any CPU
		{569334CF-FFBD-4D5D-BAF7-1F56F4227F04}.Release|Any CPU.ActiveCfg = Release|Any CPU
		{569334CF-FFBD-4D5D-BAF7-1F56F4227F04}.Release|Any CPU.Build.0 = Release|Any CPU
		{6689F625-BD6B-4903-A490-074D9DB85DDB}.Debug|Any CPU.ActiveCfg = Debug|Any CPU
		{6689F625-BD6B-4903-A490-074D9DB85DDB}.Debug|Any CPU.Build.0 = Debug|Any CPU
		{6689F625-BD6B-4903-A490-074D9DB85DDB}.Release|Any CPU.ActiveCfg = Release|Any CPU
		{6689F625-BD6B-4903-A490-074D9DB85DDB}.Release|Any CPU.Build.0 = Release|Any CPU
		{6F161673-DEB3-4CCB-93E8-241FD8349E16}.Debug|Any CPU.ActiveCfg = Debug|Any CPU
		{6F161673-DEB3-4CCB-93E8-241FD8349E16}.Debug|Any CPU.Build.0 = Debug|Any CPU
		{6F161673-DEB3-4CCB-93E8-241FD8349E16}.Release|Any CPU.ActiveCfg = Release|Any CPU
		{6F161673-DEB3-4CCB-93E8-241FD8349E16}.Release|Any CPU.Build.0 = Release|Any CPU
		{2022B009-3ED0-47F8-BC54-E3B291463CAF}.Debug|Any CPU.ActiveCfg = Debug|Any CPU
		{2022B009-3ED0-47F8-BC54-E3B291463CAF}.Debug|Any CPU.Build.0 = Debug|Any CPU
		{2022B009-3ED0-47F8-BC54-E3B291463CAF}.Release|Any CPU.ActiveCfg = Release|Any CPU
		{2022B009-3ED0-47F8-BC54-E3B291463CAF}.Release|Any CPU.Build.0 = Release|Any CPU
	EndGlobalSection
	GlobalSection(SolutionProperties) = preSolution
		HideSolutionNode = FALSE
	EndGlobalSection
	GlobalSection(ExtensibilityGlobals) = postSolution
		SolutionGuid = {1A18E577-DF6D-4B34-ACD2-CAC706E8283B}
	EndGlobalSection
EndGlobal
